// !$*UTF8*$!
{
	archiveVersion = 1;
	classes = {
	};
	objectVersion = 50;
	objects = {

/* Begin PBXBuildFile section */
		170B5DFE22C7303500B665C0 /* UIViewController+Alerts.swift in Sources */ = {isa = PBXBuildFile; fileRef = 170B5DFD22C7303500B665C0 /* UIViewController+Alerts.swift */; };
		170B5E0022C730C500B665C0 /* UIColor+Hex.swift in Sources */ = {isa = PBXBuildFile; fileRef = 170B5DFF22C730C500B665C0 /* UIColor+Hex.swift */; };
		170B5E0322C730CA00B665C0 /* UICollectionView+Reusable.swift in Sources */ = {isa = PBXBuildFile; fileRef = 170B5E0122C730CA00B665C0 /* UICollectionView+Reusable.swift */; };
		170B5E0422C730CA00B665C0 /* UITableView+Reusable.swift in Sources */ = {isa = PBXBuildFile; fileRef = 170B5E0222C730CA00B665C0 /* UITableView+Reusable.swift */; };
		170B5E0B22C7312E00B665C0 /* NibCreatable.swift in Sources */ = {isa = PBXBuildFile; fileRef = 170B5E0922C7312E00B665C0 /* NibCreatable.swift */; };
		170B5E0C22C7312E00B665C0 /* Reusable.swift in Sources */ = {isa = PBXBuildFile; fileRef = 170B5E0A22C7312E00B665C0 /* Reusable.swift */; };
		170B5E0E22C7313A00B665C0 /* Storyboarded.swift in Sources */ = {isa = PBXBuildFile; fileRef = 170B5E0D22C7313A00B665C0 /* Storyboarded.swift */; };
		174380CD22CA1AB600CB7DBB /* SelectionFormCell.swift in Sources */ = {isa = PBXBuildFile; fileRef = 174380C722CA1AB600CB7DBB /* SelectionFormCell.swift */; };
		174380CE22CA1AB600CB7DBB /* FormCell.swift in Sources */ = {isa = PBXBuildFile; fileRef = 174380C822CA1AB600CB7DBB /* FormCell.swift */; };
		174380CF22CA1AB600CB7DBB /* TextEntryFormCell.swift in Sources */ = {isa = PBXBuildFile; fileRef = 174380C922CA1AB600CB7DBB /* TextEntryFormCell.swift */; };
		174380D022CA1AB600CB7DBB /* FormCellConfiguration.swift in Sources */ = {isa = PBXBuildFile; fileRef = 174380CA22CA1AB600CB7DBB /* FormCellConfiguration.swift */; };
		174380D122CA1AB600CB7DBB /* FormConfiguration.swift in Sources */ = {isa = PBXBuildFile; fileRef = 174380CB22CA1AB600CB7DBB /* FormConfiguration.swift */; };
		174380D222CA1AB600CB7DBB /* FormSectionConfiguration.swift in Sources */ = {isa = PBXBuildFile; fileRef = 174380CC22CA1AB600CB7DBB /* FormSectionConfiguration.swift */; };
		174E392B22C6C96700BEB47A /* ContainerView.swift in Sources */ = {isa = PBXBuildFile; fileRef = 174E392A22C6C96700BEB47A /* ContainerView.swift */; };
		17A3BAE622C7398D00999232 /* TextEntryTableViewCell.swift in Sources */ = {isa = PBXBuildFile; fileRef = 17A3BAE522C7398D00999232 /* TextEntryTableViewCell.swift */; };
		17A3BAEB22C73C5D00999232 /* TextEntryTableViewCell.xib in Resources */ = {isa = PBXBuildFile; fileRef = 17A3BAEA22C73C5D00999232 /* TextEntryTableViewCell.xib */; };
		17A3BAEE22C74C9400999232 /* TextEntryTableViewCellViewModel.swift in Sources */ = {isa = PBXBuildFile; fileRef = 17A3BAED22C74C9400999232 /* TextEntryTableViewCellViewModel.swift */; };
		17A3BAF022C74CB400999232 /* TextEntryTableViewCellModel.swift in Sources */ = {isa = PBXBuildFile; fileRef = 17A3BAEF22C74CB400999232 /* TextEntryTableViewCellModel.swift */; };
		17A3BAF222C74CC400999232 /* CellViewModel.swift in Sources */ = {isa = PBXBuildFile; fileRef = 17A3BAF122C74CC400999232 /* CellViewModel.swift */; };
		17A3BAF622C753D200999232 /* SelectionTableViewCell.swift in Sources */ = {isa = PBXBuildFile; fileRef = 17A3BAF522C753D200999232 /* SelectionTableViewCell.swift */; };
		17A3BAF822C753DE00999232 /* SelectionTableViewCell.xib in Resources */ = {isa = PBXBuildFile; fileRef = 17A3BAF722C753DE00999232 /* SelectionTableViewCell.xib */; };
		17A3BAFB22C75B2700999232 /* SelectionTableViewCellViewModel.swift in Sources */ = {isa = PBXBuildFile; fileRef = 17A3BAFA22C75B2700999232 /* SelectionTableViewCellViewModel.swift */; };
		17A3BAFD22C75B3100999232 /* SelectionTableViewCellModel.swift in Sources */ = {isa = PBXBuildFile; fileRef = 17A3BAFC22C75B3100999232 /* SelectionTableViewCellModel.swift */; };
		17DAD05B22C6C72F003F42F9 /* HelperKit.framework in Frameworks */ = {isa = PBXBuildFile; fileRef = 17DAD05A22C6C72F003F42F9 /* HelperKit.framework */; };
		17F27ED122C6C57F00EFE38C /* CommonUIKit.h in Headers */ = {isa = PBXBuildFile; fileRef = 17F27ECF22C6C57F00EFE38C /* CommonUIKit.h */; settings = {ATTRIBUTES = (Public, ); }; };
/* End PBXBuildFile section */

/* Begin PBXFileReference section */
		170B5DFD22C7303500B665C0 /* UIViewController+Alerts.swift */ = {isa = PBXFileReference; lastKnownFileType = sourcecode.swift; path = "UIViewController+Alerts.swift"; sourceTree = "<group>"; };
		170B5DFF22C730C500B665C0 /* UIColor+Hex.swift */ = {isa = PBXFileReference; fileEncoding = 4; lastKnownFileType = sourcecode.swift; path = "UIColor+Hex.swift"; sourceTree = "<group>"; };
		170B5E0122C730CA00B665C0 /* UICollectionView+Reusable.swift */ = {isa = PBXFileReference; fileEncoding = 4; lastKnownFileType = sourcecode.swift; path = "UICollectionView+Reusable.swift"; sourceTree = "<group>"; };
		170B5E0222C730CA00B665C0 /* UITableView+Reusable.swift */ = {isa = PBXFileReference; fileEncoding = 4; lastKnownFileType = sourcecode.swift; path = "UITableView+Reusable.swift"; sourceTree = "<group>"; };
		170B5E0922C7312E00B665C0 /* NibCreatable.swift */ = {isa = PBXFileReference; fileEncoding = 4; lastKnownFileType = sourcecode.swift; path = NibCreatable.swift; sourceTree = "<group>"; };
		170B5E0A22C7312E00B665C0 /* Reusable.swift */ = {isa = PBXFileReference; fileEncoding = 4; lastKnownFileType = sourcecode.swift; path = Reusable.swift; sourceTree = "<group>"; };
		170B5E0D22C7313A00B665C0 /* Storyboarded.swift */ = {isa = PBXFileReference; fileEncoding = 4; lastKnownFileType = sourcecode.swift; path = Storyboarded.swift; sourceTree = "<group>"; };
		174380C722CA1AB600CB7DBB /* SelectionFormCell.swift */ = {isa = PBXFileReference; fileEncoding = 4; lastKnownFileType = sourcecode.swift; path = SelectionFormCell.swift; sourceTree = "<group>"; };
		174380C822CA1AB600CB7DBB /* FormCell.swift */ = {isa = PBXFileReference; fileEncoding = 4; lastKnownFileType = sourcecode.swift; path = FormCell.swift; sourceTree = "<group>"; };
		174380C922CA1AB600CB7DBB /* TextEntryFormCell.swift */ = {isa = PBXFileReference; fileEncoding = 4; lastKnownFileType = sourcecode.swift; path = TextEntryFormCell.swift; sourceTree = "<group>"; };
		174380CA22CA1AB600CB7DBB /* FormCellConfiguration.swift */ = {isa = PBXFileReference; fileEncoding = 4; lastKnownFileType = sourcecode.swift; path = FormCellConfiguration.swift; sourceTree = "<group>"; };
		174380CB22CA1AB600CB7DBB /* FormConfiguration.swift */ = {isa = PBXFileReference; fileEncoding = 4; lastKnownFileType = sourcecode.swift; path = FormConfiguration.swift; sourceTree = "<group>"; };
		174380CC22CA1AB600CB7DBB /* FormSectionConfiguration.swift */ = {isa = PBXFileReference; fileEncoding = 4; lastKnownFileType = sourcecode.swift; path = FormSectionConfiguration.swift; sourceTree = "<group>"; };
		174E392A22C6C96700BEB47A /* ContainerView.swift */ = {isa = PBXFileReference; fileEncoding = 4; lastKnownFileType = sourcecode.swift; path = ContainerView.swift; sourceTree = "<group>"; };
		17A3BAE522C7398D00999232 /* TextEntryTableViewCell.swift */ = {isa = PBXFileReference; lastKnownFileType = sourcecode.swift; path = TextEntryTableViewCell.swift; sourceTree = "<group>"; };
		17A3BAEA22C73C5D00999232 /* TextEntryTableViewCell.xib */ = {isa = PBXFileReference; lastKnownFileType = file.xib; path = TextEntryTableViewCell.xib; sourceTree = "<group>"; };
		17A3BAED22C74C9400999232 /* TextEntryTableViewCellViewModel.swift */ = {isa = PBXFileReference; lastKnownFileType = sourcecode.swift; path = TextEntryTableViewCellViewModel.swift; sourceTree = "<group>"; };
		17A3BAEF22C74CB400999232 /* TextEntryTableViewCellModel.swift */ = {isa = PBXFileReference; lastKnownFileType = sourcecode.swift; path = TextEntryTableViewCellModel.swift; sourceTree = "<group>"; };
		17A3BAF122C74CC400999232 /* CellViewModel.swift */ = {isa = PBXFileReference; lastKnownFileType = sourcecode.swift; path = CellViewModel.swift; sourceTree = "<group>"; };
		17A3BAF522C753D200999232 /* SelectionTableViewCell.swift */ = {isa = PBXFileReference; lastKnownFileType = sourcecode.swift; path = SelectionTableViewCell.swift; sourceTree = "<group>"; };
		17A3BAF722C753DE00999232 /* SelectionTableViewCell.xib */ = {isa = PBXFileReference; lastKnownFileType = file.xib; path = SelectionTableViewCell.xib; sourceTree = "<group>"; };
		17A3BAFA22C75B2700999232 /* SelectionTableViewCellViewModel.swift */ = {isa = PBXFileReference; lastKnownFileType = sourcecode.swift; path = SelectionTableViewCellViewModel.swift; sourceTree = "<group>"; };
		17A3BAFC22C75B3100999232 /* SelectionTableViewCellModel.swift */ = {isa = PBXFileReference; lastKnownFileType = sourcecode.swift; path = SelectionTableViewCellModel.swift; sourceTree = "<group>"; };
		17DAD05A22C6C72F003F42F9 /* HelperKit.framework */ = {isa = PBXFileReference; explicitFileType = wrapper.framework; path = HelperKit.framework; sourceTree = BUILT_PRODUCTS_DIR; };
		17F27ECC22C6C57F00EFE38C /* CommonUIKit.framework */ = {isa = PBXFileReference; explicitFileType = wrapper.framework; includeInIndex = 0; path = CommonUIKit.framework; sourceTree = BUILT_PRODUCTS_DIR; };
		17F27ECF22C6C57F00EFE38C /* CommonUIKit.h */ = {isa = PBXFileReference; lastKnownFileType = sourcecode.c.h; path = CommonUIKit.h; sourceTree = "<group>"; };
		17F27ED022C6C57F00EFE38C /* Info.plist */ = {isa = PBXFileReference; lastKnownFileType = text.plist.xml; path = Info.plist; sourceTree = "<group>"; };
/* End PBXFileReference section */

/* Begin PBXFrameworksBuildPhase section */
		17F27EC922C6C57F00EFE38C /* Frameworks */ = {
			isa = PBXFrameworksBuildPhase;
			buildActionMask = 2147483647;
			files = (
				17DAD05B22C6C72F003F42F9 /* HelperKit.framework in Frameworks */,
			);
			runOnlyForDeploymentPostprocessing = 0;
		};
/* End PBXFrameworksBuildPhase section */

/* Begin PBXGroup section */
		170131D122CA19E300F54E09 /* DataEntry */ = {
			isa = PBXGroup;
			children = (
				174380C522CA1AB600CB7DBB /* Forms */,
			);
			path = DataEntry;
			sourceTree = "<group>";
		};
		170B5DFC22C7302700B665C0 /* Extensions */ = {
			isa = PBXGroup;
			children = (
				170B5E0622C730EC00B665C0 /* Colour */,
				170B5E0522C730E400B665C0 /* Reusable */,
				170B5E0722C730F300B665C0 /* ViewController */,
			);
			path = Extensions;
			sourceTree = "<group>";
		};
		170B5E0522C730E400B665C0 /* Reusable */ = {
			isa = PBXGroup;
			children = (
				170B5E0122C730CA00B665C0 /* UICollectionView+Reusable.swift */,
				170B5E0222C730CA00B665C0 /* UITableView+Reusable.swift */,
			);
			path = Reusable;
			sourceTree = "<group>";
		};
		170B5E0622C730EC00B665C0 /* Colour */ = {
			isa = PBXGroup;
			children = (
				170B5DFF22C730C500B665C0 /* UIColor+Hex.swift */,
			);
			path = Colour;
			sourceTree = "<group>";
		};
		170B5E0722C730F300B665C0 /* ViewController */ = {
			isa = PBXGroup;
			children = (
				170B5DFD22C7303500B665C0 /* UIViewController+Alerts.swift */,
			);
			path = ViewController;
			sourceTree = "<group>";
		};
		170B5E0822C7312800B665C0 /* Protocols */ = {
			isa = PBXGroup;
			children = (
				17A3BAF122C74CC400999232 /* CellViewModel.swift */,
				170B5E0922C7312E00B665C0 /* NibCreatable.swift */,
				170B5E0A22C7312E00B665C0 /* Reusable.swift */,
				170B5E0D22C7313A00B665C0 /* Storyboarded.swift */,
			);
			path = Protocols;
			sourceTree = "<group>";
		};
		174380C522CA1AB600CB7DBB /* Forms */ = {
			isa = PBXGroup;
			children = (
				174380C622CA1AB600CB7DBB /* Cells */,
				174380CB22CA1AB600CB7DBB /* FormConfiguration.swift */,
				174380CC22CA1AB600CB7DBB /* FormSectionConfiguration.swift */,
			);
			path = Forms;
			sourceTree = "<group>";
		};
		174380C622CA1AB600CB7DBB /* Cells */ = {
			isa = PBXGroup;
			children = (
				174380C822CA1AB600CB7DBB /* FormCell.swift */,
				174380CA22CA1AB600CB7DBB /* FormCellConfiguration.swift */,
				174380C722CA1AB600CB7DBB /* SelectionFormCell.swift */,
				174380C922CA1AB600CB7DBB /* TextEntryFormCell.swift */,
			);
			path = Cells;
			sourceTree = "<group>";
		};
		174E392922C6C94300BEB47A /* Containers */ = {
			isa = PBXGroup;
			children = (
				174E392A22C6C96700BEB47A /* ContainerView.swift */,
			);
			path = Containers;
			sourceTree = "<group>";
		};
		17A3BAE422C7398300999232 /* Cells */ = {
			isa = PBXGroup;
			children = (
				17A3BAF422C753B800999232 /* Selection */,
				17A3BAF322C753B200999232 /* TextEntry */,
			);
			path = Cells;
			sourceTree = "<group>";
		};
		17A3BAF322C753B200999232 /* TextEntry */ = {
			isa = PBXGroup;
			children = (
				17A3BAE522C7398D00999232 /* TextEntryTableViewCell.swift */,
				17A3BAEA22C73C5D00999232 /* TextEntryTableViewCell.xib */,
				17A3BAEF22C74CB400999232 /* TextEntryTableViewCellModel.swift */,
				17A3BAED22C74C9400999232 /* TextEntryTableViewCellViewModel.swift */,
			);
			path = TextEntry;
			sourceTree = "<group>";
		};
		17A3BAF422C753B800999232 /* Selection */ = {
			isa = PBXGroup;
			children = (
				17A3BAF522C753D200999232 /* SelectionTableViewCell.swift */,
				17A3BAF722C753DE00999232 /* SelectionTableViewCell.xib */,
				17A3BAFC22C75B3100999232 /* SelectionTableViewCellModel.swift */,
				17A3BAFA22C75B2700999232 /* SelectionTableViewCellViewModel.swift */,
			);
			path = Selection;
			sourceTree = "<group>";
		};
		17DAD05922C6C72F003F42F9 /* Frameworks */ = {
			isa = PBXGroup;
			children = (
				17DAD05A22C6C72F003F42F9 /* HelperKit.framework */,
			);
			name = Frameworks;
			sourceTree = "<group>";
		};
		17F27EC222C6C57F00EFE38C = {
			isa = PBXGroup;
			children = (
				17F27ED722C6C59400EFE38C /* Resources */,
				17F27ECE22C6C57F00EFE38C /* Source */,
				17DAD05922C6C72F003F42F9 /* Frameworks */,
				17F27ECD22C6C57F00EFE38C /* Products */,
			);
			sourceTree = "<group>";
		};
		17F27ECD22C6C57F00EFE38C /* Products */ = {
			isa = PBXGroup;
			children = (
				17F27ECC22C6C57F00EFE38C /* CommonUIKit.framework */,
			);
			name = Products;
			sourceTree = "<group>";
		};
		17F27ECE22C6C57F00EFE38C /* Source */ = {
			isa = PBXGroup;
			children = (
				170131D122CA19E300F54E09 /* DataEntry */,
				17A3BAE422C7398300999232 /* Cells */,
				174E392922C6C94300BEB47A /* Containers */,
				170B5DFC22C7302700B665C0 /* Extensions */,
				170B5E0822C7312800B665C0 /* Protocols */,
			);
			path = Source;
			sourceTree = "<group>";
		};
		17F27ED722C6C59400EFE38C /* Resources */ = {
			isa = PBXGroup;
			children = (
				17F27ECF22C6C57F00EFE38C /* CommonUIKit.h */,
				17F27ED022C6C57F00EFE38C /* Info.plist */,
			);
			path = Resources;
			sourceTree = "<group>";
		};
/* End PBXGroup section */

/* Begin PBXHeadersBuildPhase section */
		17F27EC722C6C57F00EFE38C /* Headers */ = {
			isa = PBXHeadersBuildPhase;
			buildActionMask = 2147483647;
			files = (
				17F27ED122C6C57F00EFE38C /* CommonUIKit.h in Headers */,
			);
			runOnlyForDeploymentPostprocessing = 0;
		};
/* End PBXHeadersBuildPhase section */

/* Begin PBXNativeTarget section */
		17F27ECB22C6C57F00EFE38C /* CommonUIKit */ = {
			isa = PBXNativeTarget;
			buildConfigurationList = 17F27ED422C6C57F00EFE38C /* Build configuration list for PBXNativeTarget "CommonUIKit" */;
			buildPhases = (
				17F27EC722C6C57F00EFE38C /* Headers */,
				17F27EC822C6C57F00EFE38C /* Sources */,
				17F27EC922C6C57F00EFE38C /* Frameworks */,
				17F27ECA22C6C57F00EFE38C /* Resources */,
			);
			buildRules = (
			);
			dependencies = (
			);
			name = CommonUIKit;
			productName = CommonUIKit;
			productReference = 17F27ECC22C6C57F00EFE38C /* CommonUIKit.framework */;
			productType = "com.apple.product-type.framework";
		};
/* End PBXNativeTarget section */

/* Begin PBXProject section */
		17F27EC322C6C57F00EFE38C /* Project object */ = {
			isa = PBXProject;
			attributes = {
				LastUpgradeCheck = 1020;
				ORGANIZATIONNAME = "Matt Croxson";
				TargetAttributes = {
					17F27ECB22C6C57F00EFE38C = {
						CreatedOnToolsVersion = 10.2.1;
					};
				};
			};
			buildConfigurationList = 17F27EC622C6C57F00EFE38C /* Build configuration list for PBXProject "CommonUIKit" */;
			compatibilityVersion = "Xcode 9.3";
			developmentRegion = en;
			hasScannedForEncodings = 0;
			knownRegions = (
				en,
			);
			mainGroup = 17F27EC222C6C57F00EFE38C;
			productRefGroup = 17F27ECD22C6C57F00EFE38C /* Products */;
			projectDirPath = "";
			projectRoot = "";
			targets = (
				17F27ECB22C6C57F00EFE38C /* CommonUIKit */,
			);
		};
/* End PBXProject section */

/* Begin PBXResourcesBuildPhase section */
		17F27ECA22C6C57F00EFE38C /* Resources */ = {
			isa = PBXResourcesBuildPhase;
			buildActionMask = 2147483647;
			files = (
				17A3BAF822C753DE00999232 /* SelectionTableViewCell.xib in Resources */,
				17A3BAEB22C73C5D00999232 /* TextEntryTableViewCell.xib in Resources */,
			);
			runOnlyForDeploymentPostprocessing = 0;
		};
/* End PBXResourcesBuildPhase section */

/* Begin PBXSourcesBuildPhase section */
		17F27EC822C6C57F00EFE38C /* Sources */ = {
			isa = PBXSourcesBuildPhase;
			buildActionMask = 2147483647;
			files = (
				170B5E0422C730CA00B665C0 /* UITableView+Reusable.swift in Sources */,
				170B5E0022C730C500B665C0 /* UIColor+Hex.swift in Sources */,
				170B5E0322C730CA00B665C0 /* UICollectionView+Reusable.swift in Sources */,
				17A3BAFB22C75B2700999232 /* SelectionTableViewCellViewModel.swift in Sources */,
				170B5DFE22C7303500B665C0 /* UIViewController+Alerts.swift in Sources */,
				17A3BAE622C7398D00999232 /* TextEntryTableViewCell.swift in Sources */,
				174380D122CA1AB600CB7DBB /* FormConfiguration.swift in Sources */,
				174380CE22CA1AB600CB7DBB /* FormCell.swift in Sources */,
				174380D222CA1AB600CB7DBB /* FormSectionConfiguration.swift in Sources */,
				174E392B22C6C96700BEB47A /* ContainerView.swift in Sources */,
				17A3BAEE22C74C9400999232 /* TextEntryTableViewCellViewModel.swift in Sources */,
				170B5E0B22C7312E00B665C0 /* NibCreatable.swift in Sources */,
				17A3BAFD22C75B3100999232 /* SelectionTableViewCellModel.swift in Sources */,
				170B5E0C22C7312E00B665C0 /* Reusable.swift in Sources */,
				174380D022CA1AB600CB7DBB /* FormCellConfiguration.swift in Sources */,
				170B5E0E22C7313A00B665C0 /* Storyboarded.swift in Sources */,
				174380CD22CA1AB600CB7DBB /* SelectionFormCell.swift in Sources */,
				17A3BAF622C753D200999232 /* SelectionTableViewCell.swift in Sources */,
				174380CF22CA1AB600CB7DBB /* TextEntryFormCell.swift in Sources */,
				17A3BAF222C74CC400999232 /* CellViewModel.swift in Sources */,
				17A3BAF022C74CB400999232 /* TextEntryTableViewCellModel.swift in Sources */,
			);
			runOnlyForDeploymentPostprocessing = 0;
		};
/* End PBXSourcesBuildPhase section */

/* Begin XCBuildConfiguration section */
		17F27ED222C6C57F00EFE38C /* Debug */ = {
			isa = XCBuildConfiguration;
			buildSettings = {
				ALWAYS_SEARCH_USER_PATHS = NO;
				CLANG_ANALYZER_NONNULL = YES;
				CLANG_ANALYZER_NUMBER_OBJECT_CONVERSION = YES_AGGRESSIVE;
				CLANG_CXX_LANGUAGE_STANDARD = "gnu++14";
				CLANG_CXX_LIBRARY = "libc++";
				CLANG_ENABLE_MODULES = YES;
				CLANG_ENABLE_OBJC_ARC = YES;
				CLANG_ENABLE_OBJC_WEAK = YES;
				CLANG_WARN_BLOCK_CAPTURE_AUTORELEASING = YES;
				CLANG_WARN_BOOL_CONVERSION = YES;
				CLANG_WARN_COMMA = YES;
				CLANG_WARN_CONSTANT_CONVERSION = YES;
				CLANG_WARN_DEPRECATED_OBJC_IMPLEMENTATIONS = YES;
				CLANG_WARN_DIRECT_OBJC_ISA_USAGE = YES_ERROR;
				CLANG_WARN_DOCUMENTATION_COMMENTS = YES;
				CLANG_WARN_EMPTY_BODY = YES;
				CLANG_WARN_ENUM_CONVERSION = YES;
				CLANG_WARN_INFINITE_RECURSION = YES;
				CLANG_WARN_INT_CONVERSION = YES;
				CLANG_WARN_NON_LITERAL_NULL_CONVERSION = YES;
				CLANG_WARN_OBJC_IMPLICIT_RETAIN_SELF = YES;
				CLANG_WARN_OBJC_LITERAL_CONVERSION = YES;
				CLANG_WARN_OBJC_ROOT_CLASS = YES_ERROR;
				CLANG_WARN_RANGE_LOOP_ANALYSIS = YES;
				CLANG_WARN_STRICT_PROTOTYPES = YES;
				CLANG_WARN_SUSPICIOUS_MOVE = YES;
				CLANG_WARN_UNGUARDED_AVAILABILITY = YES_AGGRESSIVE;
				CLANG_WARN_UNREACHABLE_CODE = YES;
				CLANG_WARN__DUPLICATE_METHOD_MATCH = YES;
				CODE_SIGN_IDENTITY = "iPhone Developer";
				COPY_PHASE_STRIP = NO;
				CURRENT_PROJECT_VERSION = 1;
				DEBUG_INFORMATION_FORMAT = dwarf;
				ENABLE_STRICT_OBJC_MSGSEND = YES;
				ENABLE_TESTABILITY = YES;
				GCC_C_LANGUAGE_STANDARD = gnu11;
				GCC_DYNAMIC_NO_PIC = NO;
				GCC_NO_COMMON_BLOCKS = YES;
				GCC_OPTIMIZATION_LEVEL = 0;
				GCC_PREPROCESSOR_DEFINITIONS = (
					"DEBUG=1",
					"$(inherited)",
				);
				GCC_WARN_64_TO_32_BIT_CONVERSION = YES;
				GCC_WARN_ABOUT_RETURN_TYPE = YES_ERROR;
				GCC_WARN_UNDECLARED_SELECTOR = YES;
				GCC_WARN_UNINITIALIZED_AUTOS = YES_AGGRESSIVE;
				GCC_WARN_UNUSED_FUNCTION = YES;
				GCC_WARN_UNUSED_VARIABLE = YES;
				IPHONEOS_DEPLOYMENT_TARGET = 12.2;
				MTL_ENABLE_DEBUG_INFO = INCLUDE_SOURCE;
				MTL_FAST_MATH = YES;
				ONLY_ACTIVE_ARCH = YES;
				SDKROOT = iphoneos;
				SWIFT_ACTIVE_COMPILATION_CONDITIONS = DEBUG;
				SWIFT_OPTIMIZATION_LEVEL = "-Onone";
				VERSIONING_SYSTEM = "apple-generic";
				VERSION_INFO_PREFIX = "";
			};
			name = Debug;
		};
		17F27ED322C6C57F00EFE38C /* Release */ = {
			isa = XCBuildConfiguration;
			buildSettings = {
				ALWAYS_SEARCH_USER_PATHS = NO;
				CLANG_ANALYZER_NONNULL = YES;
				CLANG_ANALYZER_NUMBER_OBJECT_CONVERSION = YES_AGGRESSIVE;
				CLANG_CXX_LANGUAGE_STANDARD = "gnu++14";
				CLANG_CXX_LIBRARY = "libc++";
				CLANG_ENABLE_MODULES = YES;
				CLANG_ENABLE_OBJC_ARC = YES;
				CLANG_ENABLE_OBJC_WEAK = YES;
				CLANG_WARN_BLOCK_CAPTURE_AUTORELEASING = YES;
				CLANG_WARN_BOOL_CONVERSION = YES;
				CLANG_WARN_COMMA = YES;
				CLANG_WARN_CONSTANT_CONVERSION = YES;
				CLANG_WARN_DEPRECATED_OBJC_IMPLEMENTATIONS = YES;
				CLANG_WARN_DIRECT_OBJC_ISA_USAGE = YES_ERROR;
				CLANG_WARN_DOCUMENTATION_COMMENTS = YES;
				CLANG_WARN_EMPTY_BODY = YES;
				CLANG_WARN_ENUM_CONVERSION = YES;
				CLANG_WARN_INFINITE_RECURSION = YES;
				CLANG_WARN_INT_CONVERSION = YES;
				CLANG_WARN_NON_LITERAL_NULL_CONVERSION = YES;
				CLANG_WARN_OBJC_IMPLICIT_RETAIN_SELF = YES;
				CLANG_WARN_OBJC_LITERAL_CONVERSION = YES;
				CLANG_WARN_OBJC_ROOT_CLASS = YES_ERROR;
				CLANG_WARN_RANGE_LOOP_ANALYSIS = YES;
				CLANG_WARN_STRICT_PROTOTYPES = YES;
				CLANG_WARN_SUSPICIOUS_MOVE = YES;
				CLANG_WARN_UNGUARDED_AVAILABILITY = YES_AGGRESSIVE;
				CLANG_WARN_UNREACHABLE_CODE = YES;
				CLANG_WARN__DUPLICATE_METHOD_MATCH = YES;
				CODE_SIGN_IDENTITY = "iPhone Developer";
				COPY_PHASE_STRIP = NO;
				CURRENT_PROJECT_VERSION = 1;
				DEBUG_INFORMATION_FORMAT = "dwarf-with-dsym";
				ENABLE_NS_ASSERTIONS = NO;
				ENABLE_STRICT_OBJC_MSGSEND = YES;
				GCC_C_LANGUAGE_STANDARD = gnu11;
				GCC_NO_COMMON_BLOCKS = YES;
				GCC_WARN_64_TO_32_BIT_CONVERSION = YES;
				GCC_WARN_ABOUT_RETURN_TYPE = YES_ERROR;
				GCC_WARN_UNDECLARED_SELECTOR = YES;
				GCC_WARN_UNINITIALIZED_AUTOS = YES_AGGRESSIVE;
				GCC_WARN_UNUSED_FUNCTION = YES;
				GCC_WARN_UNUSED_VARIABLE = YES;
				IPHONEOS_DEPLOYMENT_TARGET = 12.2;
				MTL_ENABLE_DEBUG_INFO = NO;
				MTL_FAST_MATH = YES;
				SDKROOT = iphoneos;
				SWIFT_COMPILATION_MODE = wholemodule;
				SWIFT_OPTIMIZATION_LEVEL = "-O";
				VALIDATE_PRODUCT = YES;
				VERSIONING_SYSTEM = "apple-generic";
				VERSION_INFO_PREFIX = "";
			};
			name = Release;
		};
		17F27ED522C6C57F00EFE38C /* Debug */ = {
			isa = XCBuildConfiguration;
			buildSettings = {
				CODE_SIGN_IDENTITY = "";
				CODE_SIGN_STYLE = Automatic;
				DEFINES_MODULE = YES;
				DEVELOPMENT_TEAM = 57T46CP54H;
				DYLIB_COMPATIBILITY_VERSION = 1;
				DYLIB_CURRENT_VERSION = 1;
				DYLIB_INSTALL_NAME_BASE = "@rpath";
				INFOPLIST_FILE = Resources/Info.plist;
				INSTALL_PATH = "$(LOCAL_LIBRARY_DIR)/Frameworks";
				LD_RUNPATH_SEARCH_PATHS = (
					"$(inherited)",
					"@executable_path/Frameworks",
					"@loader_path/Frameworks",
				);
				PRODUCT_BUNDLE_IDENTIFIER = au.id.mattcroxson.CommonUIKit;
				PRODUCT_NAME = "$(TARGET_NAME:c99extidentifier)";
				SKIP_INSTALL = YES;
				SWIFT_VERSION = 5.0;
				TARGETED_DEVICE_FAMILY = "1,2";
			};
			name = Debug;
		};
		17F27ED622C6C57F00EFE38C /* Release */ = {
			isa = XCBuildConfiguration;
			buildSettings = {
				CODE_SIGN_IDENTITY = "";
				CODE_SIGN_STYLE = Automatic;
				DEFINES_MODULE = YES;
				DEVELOPMENT_TEAM = 57T46CP54H;
				DYLIB_COMPATIBILITY_VERSION = 1;
				DYLIB_CURRENT_VERSION = 1;
				DYLIB_INSTALL_NAME_BASE = "@rpath";
				INFOPLIST_FILE = Resources/Info.plist;
				INSTALL_PATH = "$(LOCAL_LIBRARY_DIR)/Frameworks";
				LD_RUNPATH_SEARCH_PATHS = (
					"$(inherited)",
					"@executable_path/Frameworks",
					"@loader_path/Frameworks",
				);
				PRODUCT_BUNDLE_IDENTIFIER = au.id.mattcroxson.CommonUIKit;
				PRODUCT_NAME = "$(TARGET_NAME:c99extidentifier)";
				SKIP_INSTALL = YES;
				SWIFT_VERSION = 5.0;
				TARGETED_DEVICE_FAMILY = "1,2";
			};
			name = Release;
		};
/* End XCBuildConfiguration section */

/* Begin XCConfigurationList section */
		17F27EC622C6C57F00EFE38C /* Build configuration list for PBXProject "CommonUIKit" */ = {
			isa = XCConfigurationList;
			buildConfigurations = (
				17F27ED222C6C57F00EFE38C /* Debug */,
				17F27ED322C6C57F00EFE38C /* Release */,
			);
			defaultConfigurationIsVisible = 0;
			defaultConfigurationName = Release;
		};
		17F27ED422C6C57F00EFE38C /* Build configuration list for PBXNativeTarget "CommonUIKit" */ = {
			isa = XCConfigurationList;
			buildConfigurations = (
				17F27ED522C6C57F00EFE38C /* Debug */,
				17F27ED622C6C57F00EFE38C /* Release */,
			);
			defaultConfigurationIsVisible = 0;
			defaultConfigurationName = Release;
		};
/* End XCConfigurationList section */
	};
	rootObject = 17F27EC322C6C57F00EFE38C /* Project object */;
}
